version: 1
checksums:
  ea7107c3b2114dd670e1098a4b5806db:
    common/app: 77e32ac4e5a1e01bc9a6a15fdfef9bf8
    common/signIn: ec7b8f314fe9bc6591006707484ede61
    hero/poweredBy: ac208c14065f8771a57e13a1ef9e1802
    hero/titleSuffix: 039d995151ced12e1296c0d0d14921bd
    hero/subtitle: bedb3b9fd3893685e224cbdd85f65f96
    hero/description: 508b0ae92696228f2100044ba026864a
    hero/aboutLingo: 39274caad08b8b46b2842e53cdcc9d39
    hero/launchApp: ff9b25ed4609fdccfbbf09b66b573fbe
    header/lingoDev: 307099c62b17ca01597fc01c2fa7b9f6
    header/github: 6e1cf3c00fa6fbe24afcc78ea3b5f3e4
    rizzAds/title: cf5873cc1290ef09de6c78bfce84505e
    rizzAds/subtitle: 788f9e0899e4949820317fc3fcfab5d9
    rizzAds/description: bb343f5658c82b3f5379addc011b4fb5
    rizzAds/generatedAds: 7e2610bef97342bd247f25c71e8676b2
    rizzAds/reviewAds: b4355386fdab79f9a482297d04ae659a
    rizzAds/poweredBy: 6b6f88e2fa5a1ecec6cebf813abaeebb
    rizzAds/poweredByTech: 343e34198ac5e7842d39c99652814094
    adGenerator/steps/productInfo/title: 235200b5bd3736592ecd536d96a3edd7
    adGenerator/steps/productInfo/description: 6ab2a89a7561c051b7c05c76f2813803
    adGenerator/steps/adCopy/title: 79f570ee37fd5f168fd8102c7d43c51b
    adGenerator/steps/adCopy/description: a2fa11a1c223713d7c189c47fc0910dc
    adGenerator/steps/targetMarkets/title: 5e856396258e88c82ee5428bb08a8b45
    adGenerator/steps/targetMarkets/description: f6eb4a864f6652316d69d9b2a363e237
    adGenerator/productInfo/title: e6ee3256cf97b78cf8d33123acf20205
    adGenerator/productInfo/subtitle: f2b1f2e2ec2ae56eb4b5b25026632408
    adGenerator/productInfo/productName: 1d18d6b0a205ba2578340d81e46a7cf1
    adGenerator/productInfo/productNamePlaceholder: 07593cc967ccbf79a0864cd4d9ad4711
    adGenerator/productInfo/category: ac40f339489ddca561a2556002e24e08
    adGenerator/productInfo/categoryPlaceholder: 8b379e37ad885f808ec82d28de25d708
    adGenerator/productInfo/industry: b385ce902e35a46cb03446b13cd0cb1e
    adGenerator/productInfo/industryPlaceholder: 3bcf68d5810e0b8eee255052d5bd8f75
    adGenerator/productInfo/features: 07119c1b7c1a4f41845d60069fb52637
    adGenerator/productInfo/featurePlaceholder: 722183de08acf118da9c1b331eb666ce
    adGenerator/productInfo/addFeature: d7cf4699caaccfb16d2b95240eeab97d
    adGenerator/productInfo/benefits: 118424f6ff6168df4cb172f72a6bce66
    adGenerator/productInfo/benefitPlaceholder: 19b6932398e58c5602cd6e09522ab25e
    adGenerator/productInfo/addBenefit: 045b7fbf714792fb7b065ee862840dab
    adGenerator/adCopy/title: ab474516a004e603af1be6b2da498711
    adGenerator/adCopy/subtitle: adc6cc405eb1a28482a9d04b806aed0b
    adGenerator/adCopy/label: b5f2598f9f9ba791010a1679c02856bf
    adGenerator/adCopy/placeholder: 9b7a60b27cb775397858bed31d015261
    adGenerator/adCopy/characters: f62970e214bd04fd1959e2759ee1ec48
    adGenerator/targetMarkets/title: 034eb63dc5d3305dd838961223059931
    adGenerator/targetMarkets/subtitle: e71a1f18e4be7f864699df3d3f83bdda
    adGenerator/targetMarkets/markets: 1c11fc0b75171edc863f1733da457a79
    adGenerator/targetMarkets/selectAtLeastOneMarket: e75ad2a5f3b6881a80c43ff7305a52ad
    adGenerator/targetMarkets/marketsSelected: 7c7f8b9857100f65f6f5aab03f095b63
    adGenerator/targetMarkets/marketsSelectedPlural: 1085aa1a657efea232df3365c1a8bcfa
    adGenerator/targetMarkets/selected: 4dd498a55c80622eb1d22d540bd1498f
    adGenerator/targetMarkets/platforms: 820798f7daedab543962738e845564e1
    adGenerator/targetMarkets/selectAtLeastOnePlatform: aa603e3dc954c370390319a00050b263
    adGenerator/targetMarkets/platformsSelected: aae1acd6c9896941b6884af202c4181c
    adGenerator/targetMarkets/platformsSelectedPlural: 72eee548fa65b3fde9df96c97beec9c9
    adGenerator/navigation/back: f541015a827e37cb3b1234e56bc2aa3c
    adGenerator/navigation/continue: 3cfba90b4600131e82fc4260c568d044
    adGenerator/navigation/generating: d55ce9138ed4a7d033bd9030425bf850
    adGenerator/navigation/generateAds: 93daaa999700fa590f4ce0d354e6b6ec
    adResults/title: 537d1df60f033b3de575ec8706243afc
    adResults/variationsCreated: 33289cdfedb5fb07c4070df08aa7a84c
    adResults/exportAll: 5d661b5122e8473cf5f731f0f45b1564
    adResults/baseTranslation: 5601baf9b568fb8fcbc9e8ede6853806
    adResults/culturalTone: e3e70bc7ad9f736eef3be9296d32556f
    adResults/culturalNotes: 7c5005f1cf45512e043e6ccfda482355
    adResults/emojiTolerance: df9a85ec18b93b28e09013576a5fea5c
    adResults/cta: 81dca58e4e69a7a65e8b7b9cc8b43d7f
    adResults/platformVariations: 61776ba81d7961e05871d9fc77510eff
    adResults/checkCompliance: e42d43b54086dba622926b9c810d6894
    compliance/title: 63272da90903de85e86dea445598b854
    compliance/adsAnalyzed: e5ce2e0b551aa59ceb983ed0ffe9316c
    compliance/adsAnalyzedPlural: a8fcefee0b9b4432bb0f08fbbe5709d5
    compliance/analyzedFor: edbfc4a8256326dff469b63efc668bd3
    compliance/overallRisk: c82487422182964791b188da5d2e52e8
    compliance/risk: f6ea96157b3d75ce3580a89045c8eed7
    compliance/originalAdCopy: 922c1d6ab7eaab80a98a63b6811b81d4
    compliance/patternMatchedIssues: 2a74b76dac53210060640a0662db4ea1
    compliance/patternMatchedDescription: f087e8985cc0f96f9a6b8b88be156ce5
    compliance/matched: a8bff48271d3d55fa00162f9944ca43c
    compliance/authority: c55b284cbd2bff043a8fd1f0655ca199
    compliance/aiDetectedIssues: a59410e9ceb30796b91262e7877860b6
    compliance/aiDetectedDescription: fb256b56f1e1fffe4a0257e18f440e40
    compliance/noIssuesDetected: 9ce81ee32b7cdc5ca1b0261d5aa16e45
    compliance/rule: 5b3477fee7a10f7883c68819c4e24fc4
    compliance/suggestedFix: 8dbeb5559d7a3dafb07cb5bd032a11cb
    compliance/compliantVersion: 2d7f5e7bb3df4009a37bf8cdbb19775a
    compliance/compliantDescription: 95b63d600f2d606a9afe95473d8e305c
    compliance/explanation: 94c193958dfd4c939f6a8dba8cd3bd6e
